
Microsoft Visual Studio Solution File, Format Version 10.00
# Visual Studio 2008
Project("{FAE04EC0-301F-11D3-BF4B-00C04F79EFBC}") = "PocketPC", "PocketPC.csproj", "{97859059-26A9-4BE9-BB96-5B7EC732C4BA}"
EndProject
Global
	GlobalSection(SolutionConfigurationPlatforms) = preSolution
		Debug|Any CPU = Debug|Any CPU
		Release|Any CPU = Release|Any CPU
	EndGlobalSection
	GlobalSection(ProjectConfigurationPlatforms) = postSolution
		{97859059-26A9-4BE9-BB96-5B7EC732C4BA}.Debug|Any CPU.ActiveCfg = Debug|Any CPU
		{97859059-26A9-4BE9-BB96-5B7EC732C4BA}.Debug|Any CPU.Build.0 = Debug|Any CPU
		{97859059-26A9-4BE9-BB96-5B7EC732C4BA}.Debug|Any CPU.Deploy.0 = Debug|Any CPU
		{97859059-26A9-4BE9-BB96-5B7EC732C4BA}.Release|Any CPU.ActiveCfg = Release|Any CPU
		{97859059-26A9-4BE9-BB96-5B7EC732C4BA}.Release|Any CPU.Build.0 = Release|Any CPU
		{97859059-26A9-4BE9-BB96-5B7EC732C4BA}.Release|Any CPU.Deploy.0 = Release|Any CPU
	EndGlobalSection
	GlobalSection(SolutionProperties) = preSolution
		HideSolutionNode = FALSE
	EndGlobalSection
EndGlobal
