
Microsoft Visual Studio Solution File, Format Version 11.00
# Visual Studio 2010
Project("{2150E333-8FDC-42A3-9474-1A3956D46DE8}") = "Componentes", "Componentes", "{2C550532-60A5-41AB-93F8-52F1371815CC}"
EndProject
Project("{2150E333-8FDC-42A3-9474-1A3956D46DE8}") = "Celular", "Celular", "{ACDA3494-2E3E-459B-A22C-2B6D41AB2AC4}"
EndProject
Project("{2150E333-8FDC-42A3-9474-1A3956D46DE8}") = "Comunicacion", "Comunicacion", "{20CA266C-8F70-4BDD-A25F-F3624F5D6F4C}"
EndProject
Project("{FAE04EC0-301F-11D3-BF4B-00C04F79EFBC}") = "Mensajeria", "Mensajeria\Mensajeria.csproj", "{2B876A0D-DA29-4D6E-8C6B-F34801588800}"
EndProject
Project("{FAE04EC0-301F-11D3-BF4B-00C04F79EFBC}") = "Switch", "Switch\Switch.csproj", "{225E2A64-1C6B-41B4-9A03-53B123701B2A}"
EndProject
Project("{FAE04EC0-301F-11D3-BF4B-00C04F79EFBC}") = "ColaMensajes", "ColaMensajes\ColaMensajes.csproj", "{988C5C45-1C70-4AC3-B3E5-2311B08DCD5F}"
EndProject
Project("{FAE04EC0-301F-11D3-BF4B-00C04F79EFBC}") = "Excepciones", "Excepciones\Excepciones.csproj", "{FFBEC6CC-C011-49CB-86AE-637DF13907F9}"
EndProject
Project("{FAE04EC0-301F-11D3-BF4B-00C04F79EFBC}") = "BusinessEntity", "BusinessEntity\BusinessEntity.csproj", "{8A204E0B-0B2A-4645-82C1-696C70A7FBFB}"
EndProject
Project("{FAE04EC0-301F-11D3-BF4B-00C04F79EFBC}") = "DataAccess", "DataAccess\DataAccess.csproj", "{081FDCDF-97C4-4F29-99FF-0330C00377A7}"
EndProject
Project("{FAE04EC0-301F-11D3-BF4B-00C04F79EFBC}") = "BusinessLayer", "BusinessLayer\BusinessLayer.csproj", "{19CC30BD-3D17-42DD-B3F1-1440C22D89C0}"
EndProject
Project("{FAE04EC0-301F-11D3-BF4B-00C04F79EFBC}") = "UserInterface", "UserInterface\UserInterface.csproj", "{475A30C8-139D-4E43-9165-5C671743C94C}"
EndProject
Project("{FAE04EC0-301F-11D3-BF4B-00C04F79EFBC}") = "ComunicacionCelular", "Comunicacion\ComunicacionCelular.csproj", "{484C103F-7116-4CBC-A48A-BB848E06D5B6}"
EndProject
Project("{FAE04EC0-301F-11D3-BF4B-00C04F79EFBC}") = "Utilidades", "Utilidades\Utilidades.csproj", "{99FD67DE-4806-4A7E-A654-CCF0D32594B5}"
EndProject
Project("{FAE04EC0-301F-11D3-BF4B-00C04F79EFBC}") = "ComunicacionAutorizador", "ComunicacionAutorizador\ComunicacionAutorizador.csproj", "{784F6F95-0EAD-4356-BB95-AD0051D7F712}"
EndProject
Global
	GlobalSection(SolutionConfigurationPlatforms) = preSolution
		Debug|Any CPU = Debug|Any CPU
		Release|Any CPU = Release|Any CPU
	EndGlobalSection
	GlobalSection(ProjectConfigurationPlatforms) = postSolution
		{2B876A0D-DA29-4D6E-8C6B-F34801588800}.Debug|Any CPU.ActiveCfg = Debug|Any CPU
		{2B876A0D-DA29-4D6E-8C6B-F34801588800}.Debug|Any CPU.Build.0 = Debug|Any CPU
		{2B876A0D-DA29-4D6E-8C6B-F34801588800}.Release|Any CPU.ActiveCfg = Release|Any CPU
		{2B876A0D-DA29-4D6E-8C6B-F34801588800}.Release|Any CPU.Build.0 = Release|Any CPU
		{225E2A64-1C6B-41B4-9A03-53B123701B2A}.Debug|Any CPU.ActiveCfg = Debug|Any CPU
		{225E2A64-1C6B-41B4-9A03-53B123701B2A}.Debug|Any CPU.Build.0 = Debug|Any CPU
		{225E2A64-1C6B-41B4-9A03-53B123701B2A}.Release|Any CPU.ActiveCfg = Release|Any CPU
		{225E2A64-1C6B-41B4-9A03-53B123701B2A}.Release|Any CPU.Build.0 = Release|Any CPU
		{988C5C45-1C70-4AC3-B3E5-2311B08DCD5F}.Debug|Any CPU.ActiveCfg = Debug|Any CPU
		{988C5C45-1C70-4AC3-B3E5-2311B08DCD5F}.Debug|Any CPU.Build.0 = Debug|Any CPU
		{988C5C45-1C70-4AC3-B3E5-2311B08DCD5F}.Release|Any CPU.ActiveCfg = Release|Any CPU
		{988C5C45-1C70-4AC3-B3E5-2311B08DCD5F}.Release|Any CPU.Build.0 = Release|Any CPU
		{FFBEC6CC-C011-49CB-86AE-637DF13907F9}.Debug|Any CPU.ActiveCfg = Debug|Any CPU
		{FFBEC6CC-C011-49CB-86AE-637DF13907F9}.Debug|Any CPU.Build.0 = Debug|Any CPU
		{FFBEC6CC-C011-49CB-86AE-637DF13907F9}.Release|Any CPU.ActiveCfg = Release|Any CPU
		{FFBEC6CC-C011-49CB-86AE-637DF13907F9}.Release|Any CPU.Build.0 = Release|Any CPU
		{8A204E0B-0B2A-4645-82C1-696C70A7FBFB}.Debug|Any CPU.ActiveCfg = Debug|Any CPU
		{8A204E0B-0B2A-4645-82C1-696C70A7FBFB}.Debug|Any CPU.Build.0 = Debug|Any CPU
		{8A204E0B-0B2A-4645-82C1-696C70A7FBFB}.Release|Any CPU.ActiveCfg = Release|Any CPU
		{8A204E0B-0B2A-4645-82C1-696C70A7FBFB}.Release|Any CPU.Build.0 = Release|Any CPU
		{081FDCDF-97C4-4F29-99FF-0330C00377A7}.Debug|Any CPU.ActiveCfg = Debug|Any CPU
		{081FDCDF-97C4-4F29-99FF-0330C00377A7}.Debug|Any CPU.Build.0 = Debug|Any CPU
		{081FDCDF-97C4-4F29-99FF-0330C00377A7}.Release|Any CPU.ActiveCfg = Release|Any CPU
		{081FDCDF-97C4-4F29-99FF-0330C00377A7}.Release|Any CPU.Build.0 = Release|Any CPU
		{19CC30BD-3D17-42DD-B3F1-1440C22D89C0}.Debug|Any CPU.ActiveCfg = Debug|Any CPU
		{19CC30BD-3D17-42DD-B3F1-1440C22D89C0}.Debug|Any CPU.Build.0 = Debug|Any CPU
		{19CC30BD-3D17-42DD-B3F1-1440C22D89C0}.Release|Any CPU.ActiveCfg = Release|Any CPU
		{19CC30BD-3D17-42DD-B3F1-1440C22D89C0}.Release|Any CPU.Build.0 = Release|Any CPU
		{475A30C8-139D-4E43-9165-5C671743C94C}.Debug|Any CPU.ActiveCfg = Debug|Any CPU
		{475A30C8-139D-4E43-9165-5C671743C94C}.Debug|Any CPU.Build.0 = Debug|Any CPU
		{475A30C8-139D-4E43-9165-5C671743C94C}.Release|Any CPU.ActiveCfg = Release|Any CPU
		{475A30C8-139D-4E43-9165-5C671743C94C}.Release|Any CPU.Build.0 = Release|Any CPU
		{484C103F-7116-4CBC-A48A-BB848E06D5B6}.Debug|Any CPU.ActiveCfg = Debug|Any CPU
		{484C103F-7116-4CBC-A48A-BB848E06D5B6}.Debug|Any CPU.Build.0 = Debug|Any CPU
		{484C103F-7116-4CBC-A48A-BB848E06D5B6}.Release|Any CPU.ActiveCfg = Release|Any CPU
		{484C103F-7116-4CBC-A48A-BB848E06D5B6}.Release|Any CPU.Build.0 = Release|Any CPU
		{99FD67DE-4806-4A7E-A654-CCF0D32594B5}.Debug|Any CPU.ActiveCfg = Debug|Any CPU
		{99FD67DE-4806-4A7E-A654-CCF0D32594B5}.Debug|Any CPU.Build.0 = Debug|Any CPU
		{99FD67DE-4806-4A7E-A654-CCF0D32594B5}.Release|Any CPU.ActiveCfg = Release|Any CPU
		{99FD67DE-4806-4A7E-A654-CCF0D32594B5}.Release|Any CPU.Build.0 = Release|Any CPU
		{784F6F95-0EAD-4356-BB95-AD0051D7F712}.Debug|Any CPU.ActiveCfg = Debug|Any CPU
		{784F6F95-0EAD-4356-BB95-AD0051D7F712}.Debug|Any CPU.Build.0 = Debug|Any CPU
		{784F6F95-0EAD-4356-BB95-AD0051D7F712}.Release|Any CPU.ActiveCfg = Release|Any CPU
		{784F6F95-0EAD-4356-BB95-AD0051D7F712}.Release|Any CPU.Build.0 = Release|Any CPU
	EndGlobalSection
	GlobalSection(SolutionProperties) = preSolution
		HideSolutionNode = FALSE
	EndGlobalSection
	GlobalSection(NestedProjects) = preSolution
		{20CA266C-8F70-4BDD-A25F-F3624F5D6F4C} = {2C550532-60A5-41AB-93F8-52F1371815CC}
		{2B876A0D-DA29-4D6E-8C6B-F34801588800} = {2C550532-60A5-41AB-93F8-52F1371815CC}
		{225E2A64-1C6B-41B4-9A03-53B123701B2A} = {2C550532-60A5-41AB-93F8-52F1371815CC}
		{988C5C45-1C70-4AC3-B3E5-2311B08DCD5F} = {2C550532-60A5-41AB-93F8-52F1371815CC}
		{484C103F-7116-4CBC-A48A-BB848E06D5B6} = {20CA266C-8F70-4BDD-A25F-F3624F5D6F4C}
		{784F6F95-0EAD-4356-BB95-AD0051D7F712} = {20CA266C-8F70-4BDD-A25F-F3624F5D6F4C}
	EndGlobalSection
EndGlobal
